// !$*UTF8*$!
{
	archiveVersion = 1;
	classes = {
	};
	objectVersion = 50;
	objects = {

/* Begin PBXBuildFile section */
		352EBD36257242F300DFBDAF /* CaclulatorApp.swift in Sources */ = {isa = PBXBuildFile; fileRef = 352EBD35257242F300DFBDAF /* CaclulatorApp.swift */; };
		352EBD38257242F300DFBDAF /* ContentView.swift in Sources */ = {isa = PBXBuildFile; fileRef = 352EBD37257242F300DFBDAF /* ContentView.swift */; };
		352EBD3A257242F400DFBDAF /* Assets.xcassets in Resources */ = {isa = PBXBuildFile; fileRef = 352EBD39257242F400DFBDAF /* Assets.xcassets */; };
		352EBD3D257242F400DFBDAF /* Preview Assets.xcassets in Resources */ = {isa = PBXBuildFile; fileRef = 352EBD3C257242F400DFBDAF /* Preview Assets.xcassets */; };
		355EBA5B2573CA1A005F1DE5 /* CalculatorButtonItem.swift in Sources */ = {isa = PBXBuildFile; fileRef = 355EBA5A2573CA1A005F1DE5 /* CalculatorButtonItem.swift */; };
/* End PBXBuildFile section */

/* Begin PBXFileReference section */
		352EBD32257242F300DFBDAF /* Caclulator.app */ = {isa = PBXFileReference; explicitFileType = wrapper.application; includeInIndex = 0; path = Caclulator.app; sourceTree = BUILT_PRODUCTS_DIR; };
		352EBD35257242F300DFBDAF /* CaclulatorApp.swift */ = {isa = PBXFileReference; lastKnownFileType = sourcecode.swift; path = CaclulatorApp.swift; sourceTree = "<group>"; };
		352EBD37257242F300DFBDAF /* ContentView.swift */ = {isa = PBXFileReference; lastKnownFileType = sourcecode.swift; path = ContentView.swift; sourceTree = "<group>"; };
		352EBD39257242F400DFBDAF /* Assets.xcassets */ = {isa = PBXFileReference; lastKnownFileType = folder.assetcatalog; path = Assets.xcassets; sourceTree = "<group>"; };
		352EBD3C257242F400DFBDAF /* Preview Assets.xcassets */ = {isa = PBXFileReference; lastKnownFileType = folder.assetcatalog; path = "Preview Assets.xcassets"; sourceTree = "<group>"; };
		352EBD3E257242F400DFBDAF /* Info.plist */ = {isa = PBXFileReference; lastKnownFileType = text.plist.xml; path = Info.plist; sourceTree = "<group>"; };
		355EBA5A2573CA1A005F1DE5 /* CalculatorButtonItem.swift */ = {isa = PBXFileReference; lastKnownFileType = sourcecode.swift; path = CalculatorButtonItem.swift; sourceTree = "<group>"; };
/* End PBXFileReference section */

/* Begin PBXFrameworksBuildPhase section */
		352EBD2F257242F300DFBDAF /* Frameworks */ = {
			isa = PBXFrameworksBuildPhase;
			buildActionMask = 2147483647;
			files = (
			);
			runOnlyForDeploymentPostprocessing = 0;
		};
/* End PBXFrameworksBuildPhase section */

/* Begin PBXGroup section */
		352EBD29257242F300DFBDAF = {
			isa = PBXGroup;
			children = (
				352EBD34257242F300DFBDAF /* Caclulator */,
				352EBD33257242F300DFBDAF /* Products */,
			);
			sourceTree = "<group>";
		};
		352EBD33257242F300DFBDAF /* Products */ = {
			isa = PBXGroup;
			children = (
				352EBD32257242F300DFBDAF /* Caclulator.app */,
			);
			name = Products;
			sourceTree = "<group>";
		};
		352EBD34257242F300DFBDAF /* Caclulator */ = {
			isa = PBXGroup;
			children = (
				352EBD35257242F300DFBDAF /* CaclulatorApp.swift */,
				352EBD37257242F300DFBDAF /* ContentView.swift */,
				355EBA5A2573CA1A005F1DE5 /* CalculatorButtonItem.swift */,
				352EBD39257242F400DFBDAF /* Assets.xcassets */,
				352EBD3E257242F400DFBDAF /* Info.plist */,
				352EBD3B257242F400DFBDAF /* Preview Content */,
			);
			path = Caclulator;
			sourceTree = "<group>";
		};
		352EBD3B257242F400DFBDAF /* Preview Content */ = {
			isa = PBXGroup;
			children = (
				352EBD3C257242F400DFBDAF /* Preview Assets.xcassets */,
			);
			path = "Preview Content";
			sourceTree = "<group>";
		};
/* End PBXGroup section */

/* Begin PBXNativeTarget section */
		352EBD31257242F300DFBDAF /* Caclulator */ = {
			isa = PBXNativeTarget;
			buildConfigurationList = 352EBD41257242F400DFBDAF /* Build configuration list for PBXNativeTarget "Caclulator" */;
			buildPhases = (
				352EBD2E257242F300DFBDAF /* Sources */,
				352EBD2F257242F300DFBDAF /* Frameworks */,
				352EBD30257242F300DFBDAF /* Resources */,
			);
			buildRules = (
			);
			dependencies = (
			);
			name = Caclulator;
			productName = Caclulator;
			productReference = 352EBD32257242F300DFBDAF /* Caclulator.app */;
			productType = "com.apple.product-type.application";
		};
/* End PBXNativeTarget section */

/* Begin PBXProject section */
		352EBD2A257242F300DFBDAF /* Project object */ = {
			isa = PBXProject;
			attributes = {
				LastSwiftUpdateCheck = 1220;
				LastUpgradeCheck = 1220;
				TargetAttributes = {
					352EBD31257242F300DFBDAF = {
						CreatedOnToolsVersion = 12.2;
					};
				};
			};
			buildConfigurationList = 352EBD2D257242F300DFBDAF /* Build configuration list for PBXProject "Caclulator" */;
			compatibilityVersion = "Xcode 9.3";
			developmentRegion = en;
			hasScannedForEncodings = 0;
			knownRegions = (
				en,
				Base,
			);
			mainGroup = 352EBD29257242F300DFBDAF;
			productRefGroup = 352EBD33257242F300DFBDAF /* Products */;
			projectDirPath = "";
			projectRoot = "";
			targets = (
				352EBD31257242F300DFBDAF /* Caclulator */,
			);
		};
/* End PBXProject section */

/* Begin PBXResourcesBuildPhase section */
		352EBD30257242F300DFBDAF /* Resources */ = {
			isa = PBXResourcesBuildPhase;
			buildActionMask = 2147483647;
			files = (
				352EBD3D257242F400DFBDAF /* Preview Assets.xcassets in Resources */,
				352EBD3A257242F400DFBDAF /* Assets.xcassets in Resources */,
			);
			runOnlyForDeploymentPostprocessing = 0;
		};
/* End PBXResourcesBuildPhase section */

/* Begin PBXSourcesBuildPhase section */
		352EBD2E257242F300DFBDAF /* Sources */ = {
			isa = PBXSourcesBuildPhase;
			buildActionMask = 2147483647;
			files = (
				352EBD38257242F300DFBDAF /* ContentView.swift in Sources */,
				352EBD36257242F300DFBDAF /* CaclulatorApp.swift in Sources */,
				355EBA5B2573CA1A005F1DE5 /* CalculatorButtonItem.swift in Sources */,
			);
			runOnlyForDeploymentPostprocessing = 0;
		};
/* End PBXSourcesBuildPhase section */

/* Begin XCBuildConfiguration section */
		352EBD3F257242F400DFBDAF /* Debug */ = {
			isa = XCBuildConfiguration;
			buildSettings = {
				ALWAYS_SEARCH_USER_PATHS = NO;
				CLANG_ANALYZER_NONNULL = YES;
				CLANG_ANALYZER_NUMBER_OBJECT_CONVERSION = YES_AGGRESSIVE;
				CLANG_CXX_LANGUAGE_STANDARD = "gnu++14";
				CLANG_CXX_LIBRARY = "libc++";
				CLANG_ENABLE_MODULES = YES;
				CLANG_ENABLE_OBJC_ARC = YES;
				CLANG_ENABLE_OBJC_WEAK = YES;
				CLANG_WARN_BLOCK_CAPTURE_AUTORELEASING = YES;
				CLANG_WARN_BOOL_CONVERSION = YES;
				CLANG_WARN_COMMA = YES;
				CLANG_WARN_CONSTANT_CONVERSION = YES;
				CLANG_WARN_DEPRECATED_OBJC_IMPLEMENTATIONS = YES;
				CLANG_WARN_DIRECT_OBJC_ISA_USAGE = YES_ERROR;
				CLANG_WARN_DOCUMENTATION_COMMENTS = YES;
				CLANG_WARN_EMPTY_BODY = YES;
				CLANG_WARN_ENUM_CONVERSION = YES;
				CLANG_WARN_INFINITE_RECURSION = YES;
				CLANG_WARN_INT_CONVERSION = YES;
				CLANG_WARN_NON_LITERAL_NULL_CONVERSION = YES;
				CLANG_WARN_OBJC_IMPLICIT_RETAIN_SELF = YES;
				CLANG_WARN_OBJC_LITERAL_CONVERSION = YES;
				CLANG_WARN_OBJC_ROOT_CLASS = YES_ERROR;
				CLANG_WARN_QUOTED_INCLUDE_IN_FRAMEWORK_HEADER = YES;
				CLANG_WARN_RANGE_LOOP_ANALYSIS = YES;
				CLANG_WARN_STRICT_PROTOTYPES = YES;
				CLANG_WARN_SUSPICIOUS_MOVE = YES;
				CLANG_WARN_UNGUARDED_AVAILABILITY = YES_AGGRESSIVE;
				CLANG_WARN_UNREACHABLE_CODE = YES;
				CLANG_WARN__DUPLICATE_METHOD_MATCH = YES;
				COPY_PHASE_STRIP = NO;
				DEBUG_INFORMATION_FORMAT = dwarf;
				ENABLE_STRICT_OBJC_MSGSEND = YES;
				ENABLE_TESTABILITY = YES;
				GCC_C_LANGUAGE_STANDARD = gnu11;
				GCC_DYNAMIC_NO_PIC = NO;
				GCC_NO_COMMON_BLOCKS = YES;
				GCC_OPTIMIZATION_LEVEL = 0;
				GCC_PREPROCESSOR_DEFINITIONS = (
					"DEBUG=1",
					"$(inherited)",
				);
				GCC_WARN_64_TO_32_BIT_CONVERSION = YES;
				GCC_WARN_ABOUT_RETURN_TYPE = YES_ERROR;
				GCC_WARN_UNDECLARED_SELECTOR = YES;
				GCC_WARN_UNINITIALIZED_AUTOS = YES_AGGRESSIVE;
				GCC_WARN_UNUSED_FUNCTION = YES;
				GCC_WARN_UNUSED_VARIABLE = YES;
				IPHONEOS_DEPLOYMENT_TARGET = 14.2;
				MTL_ENABLE_DEBUG_INFO = INCLUDE_SOURCE;
				MTL_FAST_MATH = YES;
				ONLY_ACTIVE_ARCH = YES;
				SDKROOT = iphoneos;
				SWIFT_ACTIVE_COMPILATION_CONDITIONS = DEBUG;
				SWIFT_OPTIMIZATION_LEVEL = "-Onone";
			};
			name = Debug;
		};
		352EBD40257242F400DFBDAF /* Release */ = {
			isa = XCBuildConfiguration;
			buildSettings = {
				ALWAYS_SEARCH_USER_PATHS = NO;
				CLANG_ANALYZER_NONNULL = YES;
				CLANG_ANALYZER_NUMBER_OBJECT_CONVERSION = YES_AGGRESSIVE;
				CLANG_CXX_LANGUAGE_STANDARD = "gnu++14";
				CLANG_CXX_LIBRARY = "libc++";
				CLANG_ENABLE_MODULES = YES;
				CLANG_ENABLE_OBJC_ARC = YES;
				CLANG_ENABLE_OBJC_WEAK = YES;
				CLANG_WARN_BLOCK_CAPTURE_AUTORELEASING = YES;
				CLANG_WARN_BOOL_CONVERSION = YES;
				CLANG_WARN_COMMA = YES;
				CLANG_WARN_CONSTANT_CONVERSION = YES;
				CLANG_WARN_DEPRECATED_OBJC_IMPLEMENTATIONS = YES;
				CLANG_WARN_DIRECT_OBJC_ISA_USAGE = YES_ERROR;
				CLANG_WARN_DOCUMENTATION_COMMENTS = YES;
				CLANG_WARN_EMPTY_BODY = YES;
				CLANG_WARN_ENUM_CONVERSION = YES;
				CLANG_WARN_INFINITE_RECURSION = YES;
				CLANG_WARN_INT_CONVERSION = YES;
				CLANG_WARN_NON_LITERAL_NULL_CONVERSION = YES;
				CLANG_WARN_OBJC_IMPLICIT_RETAIN_SELF = YES;
				CLANG_WARN_OBJC_LITERAL_CONVERSION = YES;
				CLANG_WARN_OBJC_ROOT_CLASS = YES_ERROR;
				CLANG_WARN_QUOTED_INCLUDE_IN_FRAMEWORK_HEADER = YES;
				CLANG_WARN_RANGE_LOOP_ANALYSIS = YES;
				CLANG_WARN_STRICT_PROTOTYPES = YES;
				CLANG_WARN_SUSPICIOUS_MOVE = YES;
				CLANG_WARN_UNGUARDED_AVAILABILITY = YES_AGGRESSIVE;
				CLANG_WARN_UNREACHABLE_CODE = YES;
				CLANG_WARN__DUPLICATE_METHOD_MATCH = YES;
				COPY_PHASE_STRIP = NO;
				DEBUG_INFORMATION_FORMAT = "dwarf-with-dsym";
				ENABLE_NS_ASSERTIONS = NO;
				ENABLE_STRICT_OBJC_MSGSEND = YES;
				GCC_C_LANGUAGE_STANDARD = gnu11;
				GCC_NO_COMMON_BLOCKS = YES;
				GCC_WARN_64_TO_32_BIT_CONVERSION = YES;
				GCC_WARN_ABOUT_RETURN_TYPE = YES_ERROR;
				GCC_WARN_UNDECLARED_SELECTOR = YES;
				GCC_WARN_UNINITIALIZED_AUTOS = YES_AGGRESSIVE;
				GCC_WARN_UNUSED_FUNCTION = YES;
				GCC_WARN_UNUSED_VARIABLE = YES;
				IPHONEOS_DEPLOYMENT_TARGET = 14.2;
				MTL_ENABLE_DEBUG_INFO = NO;
				MTL_FAST_MATH = YES;
				SDKROOT = iphoneos;
				SWIFT_COMPILATION_MODE = wholemodule;
				SWIFT_OPTIMIZATION_LEVEL = "-O";
				VALIDATE_PRODUCT = YES;
			};
			name = Release;
		};
		352EBD42257242F400DFBDAF /* Debug */ = {
			isa = XCBuildConfiguration;
			buildSettings = {
				ASSETCATALOG_COMPILER_APPICON_NAME = AppIcon;
				ASSETCATALOG_COMPILER_GLOBAL_ACCENT_COLOR_NAME = AccentColor;
				CODE_SIGN_STYLE = Automatic;
				DEVELOPMENT_ASSET_PATHS = "\"Caclulator/Preview Content\"";
				DEVELOPMENT_TEAM = NDEAR5GZYG;
				ENABLE_PREVIEWS = YES;
				INFOPLIST_FILE = Caclulator/Info.plist;
				IPHONEOS_DEPLOYMENT_TARGET = 14.0;
				LD_RUNPATH_SEARCH_PATHS = (
					"$(inherited)",
					"@executable_path/Frameworks",
				);
				PRODUCT_BUNDLE_IDENTIFIER = com.devepoment.Caclulator;
				PRODUCT_NAME = "$(TARGET_NAME)";
				SWIFT_VERSION = 5.0;
				TARGETED_DEVICE_FAMILY = "1,2";
			};
			name = Debug;
		};
		352EBD43257242F400DFBDAF /* Release */ = {
			isa = XCBuildConfiguration;
			buildSettings = {
				ASSETCATALOG_COMPILER_APPICON_NAME = AppIcon;
				ASSETCATALOG_COMPILER_GLOBAL_ACCENT_COLOR_NAME = AccentColor;
				CODE_SIGN_STYLE = Automatic;
				DEVELOPMENT_ASSET_PATHS = "\"Caclulator/Preview Content\"";
				DEVELOPMENT_TEAM = NDEAR5GZYG;
				ENABLE_PREVIEWS = YES;
				INFOPLIST_FILE = Caclulator/Info.plist;
				IPHONEOS_DEPLOYMENT_TARGET = 14.0;
				LD_RUNPATH_SEARCH_PATHS = (
					"$(inherited)",
					"@executable_path/Frameworks",
				);
				PRODUCT_BUNDLE_IDENTIFIER = com.devepoment.Caclulator;
				PRODUCT_NAME = "$(TARGET_NAME)";
				SWIFT_VERSION = 5.0;
				TARGETED_DEVICE_FAMILY = "1,2";
			};
			name = Release;
		};
/* End XCBuildConfiguration section */

/* Begin XCConfigurationList section */
		352EBD2D257242F300DFBDAF /* Build configuration list for PBXProject "Caclulator" */ = {
			isa = XCConfigurationList;
			buildConfigurations = (
				352EBD3F257242F400DFBDAF /* Debug */,
				352EBD40257242F400DFBDAF /* Release */,
			);
			defaultConfigurationIsVisible = 0;
			defaultConfigurationName = Release;
		};
		352EBD41257242F400DFBDAF /* Build configuration list for PBXNativeTarget "Caclulator" */ = {
			isa = XCConfigurationList;
			buildConfigurations = (
				352EBD42257242F400DFBDAF /* Debug */,
				352EBD43257242F400DFBDAF /* Release */,
			);
			defaultConfigurationIsVisible = 0;
			defaultConfigurationName = Release;
		};
/* End XCConfigurationList section */
	};
	rootObject = 352EBD2A257242F300DFBDAF /* Project object */;
}
